
Microsoft Visual Studio Solution File, Format Version 12.00
# Visual Studio Version 16
VisualStudioVersion = 16.0.29215.179
MinimumVisualStudioVersion = 10.0.40219.1
Project("{FAE04EC0-301F-11D3-BF4B-00C04F79EFBC}") = "GatherEr", "GatherEr\GatherEr.csproj", "{DF6ACE81-02F7-4252-A3F5-D67CB2D3C632}"
EndProject
Global
	GlobalSection(SolutionConfigurationPlatforms) = preSolution
		Debug|Any CPU = Debug|Any CPU
		Release|Any CPU = Release|Any CPU
	EndGlobalSection
	GlobalSection(ProjectConfigurationPlatforms) = postSolution
		{DF6ACE81-02F7-4252-A3F5-D67CB2D3C632}.Debug|Any CPU.ActiveCfg = Debug|Any CPU
		{DF6ACE81-02F7-4252-A3F5-D67CB2D3C632}.Debug|Any CPU.Build.0 = Debug|Any CPU
		{DF6ACE81-02F7-4252-A3F5-D67CB2D3C632}.Release|Any CPU.ActiveCfg = Release|Any CPU
		{DF6ACE81-02F7-4252-A3F5-D67CB2D3C632}.Release|Any CPU.Build.0 = Release|Any CPU
	EndGlobalSection
	GlobalSection(SolutionProperties) = preSolution
		HideSolutionNode = FALSE
	EndGlobalSection
	GlobalSection(ExtensibilityGlobals) = postSolution
		SolutionGuid = {99793489-B23B-4D7D-AE97-99D6DE2CAB18}
	EndGlobalSection
EndGlobal
